
Microsoft Visual Studio Solution File, Format Version 12.00
# Visual Studio 15
VisualStudioVersion = 15.0.27004.2010
MinimumVisualStudioVersion = 10.0.40219.1
Project("{FAE04EC0-301F-11D3-BF4B-00C04F79EFBC}") = "TamaChanBot", "TamaChanBot\TamaChanBot.csproj", "{7BDEA089-ABFF-4910-A330-F88707F2FBB8}"
EndProject
Project("{FAE04EC0-301F-11D3-BF4B-00C04F79EFBC}") = "TamaChanBot.Module.Core", "CoreModule\TamaChanBot.Module.Core.csproj", "{33B0958D-3751-4E18-8D66-C2D6F8DF69C2}"
EndProject
Project("{FAE04EC0-301F-11D3-BF4B-00C04F79EFBC}") = "TamaChanBot.Module.Admin", "AdminModule\TamaChanBot.Module.Admin.csproj", "{5F150C21-85E9-4F44-AA01-DB8620FB8754}"
EndProject
Global
	GlobalSection(SolutionConfigurationPlatforms) = preSolution
		Debug|Any CPU = Debug|Any CPU
		Release|Any CPU = Release|Any CPU
	EndGlobalSection
	GlobalSection(ProjectConfigurationPlatforms) = postSolution
		{7BDEA089-ABFF-4910-A330-F88707F2FBB8}.Debug|Any CPU.ActiveCfg = Debug|Any CPU
		{7BDEA089-ABFF-4910-A330-F88707F2FBB8}.Debug|Any CPU.Build.0 = Debug|Any CPU
		{7BDEA089-ABFF-4910-A330-F88707F2FBB8}.Release|Any CPU.ActiveCfg = Release|Any CPU
		{7BDEA089-ABFF-4910-A330-F88707F2FBB8}.Release|Any CPU.Build.0 = Release|Any CPU
		{33B0958D-3751-4E18-8D66-C2D6F8DF69C2}.Debug|Any CPU.ActiveCfg = Debug|Any CPU
		{33B0958D-3751-4E18-8D66-C2D6F8DF69C2}.Debug|Any CPU.Build.0 = Debug|Any CPU
		{33B0958D-3751-4E18-8D66-C2D6F8DF69C2}.Release|Any CPU.ActiveCfg = Release|Any CPU
		{33B0958D-3751-4E18-8D66-C2D6F8DF69C2}.Release|Any CPU.Build.0 = Release|Any CPU
		{5F150C21-85E9-4F44-AA01-DB8620FB8754}.Debug|Any CPU.ActiveCfg = Debug|Any CPU
		{5F150C21-85E9-4F44-AA01-DB8620FB8754}.Debug|Any CPU.Build.0 = Debug|Any CPU
		{5F150C21-85E9-4F44-AA01-DB8620FB8754}.Release|Any CPU.ActiveCfg = Release|Any CPU
		{5F150C21-85E9-4F44-AA01-DB8620FB8754}.Release|Any CPU.Build.0 = Release|Any CPU
	EndGlobalSection
	GlobalSection(SolutionProperties) = preSolution
		HideSolutionNode = FALSE
	EndGlobalSection
	GlobalSection(ExtensibilityGlobals) = postSolution
		SolutionGuid = {F029C7A8-6632-4BEF-81AA-45CD626074EE}
	EndGlobalSection
EndGlobal
